// !$*UTF8*$!
{
	archiveVersion = 1;
	classes = {
	};
	objectVersion = 50;
	objects = {

/* Begin PBXBuildFile section */
		1CA067F525BFFBF3003726D9 /* myBooksApp.swift in Sources */ = {isa = PBXBuildFile; fileRef = 1CA067E225BFFBF0003726D9 /* myBooksApp.swift */; };
		1CA067F625BFFBF3003726D9 /* myBooksApp.swift in Sources */ = {isa = PBXBuildFile; fileRef = 1CA067E225BFFBF0003726D9 /* myBooksApp.swift */; };
		1CA067F725BFFBF3003726D9 /* ContentView.swift in Sources */ = {isa = PBXBuildFile; fileRef = 1CA067E325BFFBF0003726D9 /* ContentView.swift */; };
		1CA067F825BFFBF3003726D9 /* ContentView.swift in Sources */ = {isa = PBXBuildFile; fileRef = 1CA067E325BFFBF0003726D9 /* ContentView.swift */; };
		1CA067F925BFFBF3003726D9 /* Assets.xcassets in Resources */ = {isa = PBXBuildFile; fileRef = 1CA067E425BFFBF3003726D9 /* Assets.xcassets */; };
		1CA067FA25BFFBF3003726D9 /* Assets.xcassets in Resources */ = {isa = PBXBuildFile; fileRef = 1CA067E425BFFBF3003726D9 /* Assets.xcassets */; };
/* End PBXBuildFile section */

/* Begin PBXFileReference section */
		1CA067E225BFFBF0003726D9 /* myBooksApp.swift */ = {isa = PBXFileReference; lastKnownFileType = sourcecode.swift; path = myBooksApp.swift; sourceTree = "<group>"; };
		1CA067E325BFFBF0003726D9 /* ContentView.swift */ = {isa = PBXFileReference; lastKnownFileType = sourcecode.swift; path = ContentView.swift; sourceTree = "<group>"; };
		1CA067E425BFFBF3003726D9 /* Assets.xcassets */ = {isa = PBXFileReference; lastKnownFileType = folder.assetcatalog; path = Assets.xcassets; sourceTree = "<group>"; };
		1CA067E925BFFBF3003726D9 /* myBooks.app */ = {isa = PBXFileReference; explicitFileType = wrapper.application; includeInIndex = 0; path = myBooks.app; sourceTree = BUILT_PRODUCTS_DIR; };
		1CA067EC25BFFBF3003726D9 /* Info.plist */ = {isa = PBXFileReference; lastKnownFileType = text.plist.xml; path = Info.plist; sourceTree = "<group>"; };
		1CA067F125BFFBF3003726D9 /* myBooks.app */ = {isa = PBXFileReference; explicitFileType = wrapper.application; includeInIndex = 0; path = myBooks.app; sourceTree = BUILT_PRODUCTS_DIR; };
		1CA067F325BFFBF3003726D9 /* Info.plist */ = {isa = PBXFileReference; lastKnownFileType = text.plist.xml; path = Info.plist; sourceTree = "<group>"; };
		1CA067F425BFFBF3003726D9 /* macOS.entitlements */ = {isa = PBXFileReference; lastKnownFileType = text.plist.entitlements; path = macOS.entitlements; sourceTree = "<group>"; };
/* End PBXFileReference section */

/* Begin PBXFrameworksBuildPhase section */
		1CA067E625BFFBF3003726D9 /* Frameworks */ = {
			isa = PBXFrameworksBuildPhase;
			buildActionMask = 2147483647;
			files = (
			);
			runOnlyForDeploymentPostprocessing = 0;
		};
		1CA067EE25BFFBF3003726D9 /* Frameworks */ = {
			isa = PBXFrameworksBuildPhase;
			buildActionMask = 2147483647;
			files = (
			);
			runOnlyForDeploymentPostprocessing = 0;
		};
/* End PBXFrameworksBuildPhase section */

/* Begin PBXGroup section */
		1CA067DC25BFFBF0003726D9 = {
			isa = PBXGroup;
			children = (
				1CA067E125BFFBF0003726D9 /* Shared */,
				1CA067EB25BFFBF3003726D9 /* iOS */,
				1CA067F225BFFBF3003726D9 /* macOS */,
				1CA067EA25BFFBF3003726D9 /* Products */,
			);
			sourceTree = "<group>";
		};
		1CA067E125BFFBF0003726D9 /* Shared */ = {
			isa = PBXGroup;
			children = (
				1CA067E225BFFBF0003726D9 /* myBooksApp.swift */,
				1CA067E325BFFBF0003726D9 /* ContentView.swift */,
				1CA067E425BFFBF3003726D9 /* Assets.xcassets */,
			);
			path = Shared;
			sourceTree = "<group>";
		};
		1CA067EA25BFFBF3003726D9 /* Products */ = {
			isa = PBXGroup;
			children = (
				1CA067E925BFFBF3003726D9 /* myBooks.app */,
				1CA067F125BFFBF3003726D9 /* myBooks.app */,
			);
			name = Products;
			sourceTree = "<group>";
		};
		1CA067EB25BFFBF3003726D9 /* iOS */ = {
			isa = PBXGroup;
			children = (
				1CA067EC25BFFBF3003726D9 /* Info.plist */,
			);
			path = iOS;
			sourceTree = "<group>";
		};
		1CA067F225BFFBF3003726D9 /* macOS */ = {
			isa = PBXGroup;
			children = (
				1CA067F325BFFBF3003726D9 /* Info.plist */,
				1CA067F425BFFBF3003726D9 /* macOS.entitlements */,
			);
			path = macOS;
			sourceTree = "<group>";
		};
/* End PBXGroup section */

/* Begin PBXNativeTarget section */
		1CA067E825BFFBF3003726D9 /* myBooks (iOS) */ = {
			isa = PBXNativeTarget;
			buildConfigurationList = 1CA067FD25BFFBF3003726D9 /* Build configuration list for PBXNativeTarget "myBooks (iOS)" */;
			buildPhases = (
				1CA067E525BFFBF3003726D9 /* Sources */,
				1CA067E625BFFBF3003726D9 /* Frameworks */,
				1CA067E725BFFBF3003726D9 /* Resources */,
			);
			buildRules = (
			);
			dependencies = (
			);
			name = "myBooks (iOS)";
			productName = "myBooks (iOS)";
			productReference = 1CA067E925BFFBF3003726D9 /* myBooks.app */;
			productType = "com.apple.product-type.application";
		};
		1CA067F025BFFBF3003726D9 /* myBooks (macOS) */ = {
			isa = PBXNativeTarget;
			buildConfigurationList = 1CA0680025BFFBF3003726D9 /* Build configuration list for PBXNativeTarget "myBooks (macOS)" */;
			buildPhases = (
				1CA067ED25BFFBF3003726D9 /* Sources */,
				1CA067EE25BFFBF3003726D9 /* Frameworks */,
				1CA067EF25BFFBF3003726D9 /* Resources */,
			);
			buildRules = (
			);
			dependencies = (
			);
			name = "myBooks (macOS)";
			productName = "myBooks (macOS)";
			productReference = 1CA067F125BFFBF3003726D9 /* myBooks.app */;
			productType = "com.apple.product-type.application";
		};
/* End PBXNativeTarget section */

/* Begin PBXProject section */
		1CA067DD25BFFBF0003726D9 /* Project object */ = {
			isa = PBXProject;
			attributes = {
				LastSwiftUpdateCheck = 1220;
				LastUpgradeCheck = 1220;
				TargetAttributes = {
					1CA067E825BFFBF3003726D9 = {
						CreatedOnToolsVersion = 12.2;
					};
					1CA067F025BFFBF3003726D9 = {
						CreatedOnToolsVersion = 12.2;
					};
				};
			};
			buildConfigurationList = 1CA067E025BFFBF0003726D9 /* Build configuration list for PBXProject "myBooks" */;
			compatibilityVersion = "Xcode 9.3";
			developmentRegion = en;
			hasScannedForEncodings = 0;
			knownRegions = (
				en,
				Base,
			);
			mainGroup = 1CA067DC25BFFBF0003726D9;
			productRefGroup = 1CA067EA25BFFBF3003726D9 /* Products */;
			projectDirPath = "";
			projectRoot = "";
			targets = (
				1CA067E825BFFBF3003726D9 /* myBooks (iOS) */,
				1CA067F025BFFBF3003726D9 /* myBooks (macOS) */,
			);
		};
/* End PBXProject section */

/* Begin PBXResourcesBuildPhase section */
		1CA067E725BFFBF3003726D9 /* Resources */ = {
			isa = PBXResourcesBuildPhase;
			buildActionMask = 2147483647;
			files = (
				1CA067F925BFFBF3003726D9 /* Assets.xcassets in Resources */,
			);
			runOnlyForDeploymentPostprocessing = 0;
		};
		1CA067EF25BFFBF3003726D9 /* Resources */ = {
			isa = PBXResourcesBuildPhase;
			buildActionMask = 2147483647;
			files = (
				1CA067FA25BFFBF3003726D9 /* Assets.xcassets in Resources */,
			);
			runOnlyForDeploymentPostprocessing = 0;
		};
/* End PBXResourcesBuildPhase section */

/* Begin PBXSourcesBuildPhase section */
		1CA067E525BFFBF3003726D9 /* Sources */ = {
			isa = PBXSourcesBuildPhase;
			buildActionMask = 2147483647;
			files = (
				1CA067F725BFFBF3003726D9 /* ContentView.swift in Sources */,
				1CA067F525BFFBF3003726D9 /* myBooksApp.swift in Sources */,
			);
			runOnlyForDeploymentPostprocessing = 0;
		};
		1CA067ED25BFFBF3003726D9 /* Sources */ = {
			isa = PBXSourcesBuildPhase;
			buildActionMask = 2147483647;
			files = (
				1CA067F825BFFBF3003726D9 /* ContentView.swift in Sources */,
				1CA067F625BFFBF3003726D9 /* myBooksApp.swift in Sources */,
			);
			runOnlyForDeploymentPostprocessing = 0;
		};
/* End PBXSourcesBuildPhase section */

/* Begin XCBuildConfiguration section */
		1CA067FB25BFFBF3003726D9 /* Debug */ = {
			isa = XCBuildConfiguration;
			buildSettings = {
				ALWAYS_SEARCH_USER_PATHS = NO;
				CLANG_ANALYZER_NONNULL = YES;
				CLANG_ANALYZER_NUMBER_OBJECT_CONVERSION = YES_AGGRESSIVE;
				CLANG_CXX_LANGUAGE_STANDARD = "gnu++14";
				CLANG_CXX_LIBRARY = "libc++";
				CLANG_ENABLE_MODULES = YES;
				CLANG_ENABLE_OBJC_ARC = YES;
				CLANG_ENABLE_OBJC_WEAK = YES;
				CLANG_WARN_BLOCK_CAPTURE_AUTORELEASING = YES;
				CLANG_WARN_BOOL_CONVERSION = YES;
				CLANG_WARN_COMMA = YES;
				CLANG_WARN_CONSTANT_CONVERSION = YES;
				CLANG_WARN_DEPRECATED_OBJC_IMPLEMENTATIONS = YES;
				CLANG_WARN_DIRECT_OBJC_ISA_USAGE = YES_ERROR;
				CLANG_WARN_DOCUMENTATION_COMMENTS = YES;
				CLANG_WARN_EMPTY_BODY = YES;
				CLANG_WARN_ENUM_CONVERSION = YES;
				CLANG_WARN_INFINITE_RECURSION = YES;
				CLANG_WARN_INT_CONVERSION = YES;
				CLANG_WARN_NON_LITERAL_NULL_CONVERSION = YES;
				CLANG_WARN_OBJC_IMPLICIT_RETAIN_SELF = YES;
				CLANG_WARN_OBJC_LITERAL_CONVERSION = YES;
				CLANG_WARN_OBJC_ROOT_CLASS = YES_ERROR;
				CLANG_WARN_QUOTED_INCLUDE_IN_FRAMEWORK_HEADER = YES;
				CLANG_WARN_RANGE_LOOP_ANALYSIS = YES;
				CLANG_WARN_STRICT_PROTOTYPES = YES;
				CLANG_WARN_SUSPICIOUS_MOVE = YES;
				CLANG_WARN_UNGUARDED_AVAILABILITY = YES_AGGRESSIVE;
				CLANG_WARN_UNREACHABLE_CODE = YES;
				CLANG_WARN__DUPLICATE_METHOD_MATCH = YES;
				COPY_PHASE_STRIP = NO;
				DEBUG_INFORMATION_FORMAT = dwarf;
				ENABLE_STRICT_OBJC_MSGSEND = YES;
				ENABLE_TESTABILITY = YES;
				GCC_C_LANGUAGE_STANDARD = gnu11;
				GCC_DYNAMIC_NO_PIC = NO;
				GCC_NO_COMMON_BLOCKS = YES;
				GCC_OPTIMIZATION_LEVEL = 0;
				GCC_PREPROCESSOR_DEFINITIONS = (
					"DEBUG=1",
					"$(inherited)",
				);
				GCC_WARN_64_TO_32_BIT_CONVERSION = YES;
				GCC_WARN_ABOUT_RETURN_TYPE = YES_ERROR;
				GCC_WARN_UNDECLARED_SELECTOR = YES;
				GCC_WARN_UNINITIALIZED_AUTOS = YES_AGGRESSIVE;
				GCC_WARN_UNUSED_FUNCTION = YES;
				GCC_WARN_UNUSED_VARIABLE = YES;
				MTL_ENABLE_DEBUG_INFO = INCLUDE_SOURCE;
				MTL_FAST_MATH = YES;
				ONLY_ACTIVE_ARCH = YES;
				SWIFT_ACTIVE_COMPILATION_CONDITIONS = DEBUG;
				SWIFT_OPTIMIZATION_LEVEL = "-Onone";
			};
			name = Debug;
		};
		1CA067FC25BFFBF3003726D9 /* Release */ = {
			isa = XCBuildConfiguration;
			buildSettings = {
				ALWAYS_SEARCH_USER_PATHS = NO;
				CLANG_ANALYZER_NONNULL = YES;
				CLANG_ANALYZER_NUMBER_OBJECT_CONVERSION = YES_AGGRESSIVE;
				CLANG_CXX_LANGUAGE_STANDARD = "gnu++14";
				CLANG_CXX_LIBRARY = "libc++";
				CLANG_ENABLE_MODULES = YES;
				CLANG_ENABLE_OBJC_ARC = YES;
				CLANG_ENABLE_OBJC_WEAK = YES;
				CLANG_WARN_BLOCK_CAPTURE_AUTORELEASING = YES;
				CLANG_WARN_BOOL_CONVERSION = YES;
				CLANG_WARN_COMMA = YES;
				CLANG_WARN_CONSTANT_CONVERSION = YES;
				CLANG_WARN_DEPRECATED_OBJC_IMPLEMENTATIONS = YES;
				CLANG_WARN_DIRECT_OBJC_ISA_USAGE = YES_ERROR;
				CLANG_WARN_DOCUMENTATION_COMMENTS = YES;
				CLANG_WARN_EMPTY_BODY = YES;
				CLANG_WARN_ENUM_CONVERSION = YES;
				CLANG_WARN_INFINITE_RECURSION = YES;
				CLANG_WARN_INT_CONVERSION = YES;
				CLANG_WARN_NON_LITERAL_NULL_CONVERSION = YES;
				CLANG_WARN_OBJC_IMPLICIT_RETAIN_SELF = YES;
				CLANG_WARN_OBJC_LITERAL_CONVERSION = YES;
				CLANG_WARN_OBJC_ROOT_CLASS = YES_ERROR;
				CLANG_WARN_QUOTED_INCLUDE_IN_FRAMEWORK_HEADER = YES;
				CLANG_WARN_RANGE_LOOP_ANALYSIS = YES;
				CLANG_WARN_STRICT_PROTOTYPES = YES;
				CLANG_WARN_SUSPICIOUS_MOVE = YES;
				CLANG_WARN_UNGUARDED_AVAILABILITY = YES_AGGRESSIVE;
				CLANG_WARN_UNREACHABLE_CODE = YES;
				CLANG_WARN__DUPLICATE_METHOD_MATCH = YES;
				COPY_PHASE_STRIP = NO;
				DEBUG_INFORMATION_FORMAT = "dwarf-with-dsym";
				ENABLE_NS_ASSERTIONS = NO;
				ENABLE_STRICT_OBJC_MSGSEND = YES;
				GCC_C_LANGUAGE_STANDARD = gnu11;
				GCC_NO_COMMON_BLOCKS = YES;
				GCC_WARN_64_TO_32_BIT_CONVERSION = YES;
				GCC_WARN_ABOUT_RETURN_TYPE = YES_ERROR;
				GCC_WARN_UNDECLARED_SELECTOR = YES;
				GCC_WARN_UNINITIALIZED_AUTOS = YES_AGGRESSIVE;
				GCC_WARN_UNUSED_FUNCTION = YES;
				GCC_WARN_UNUSED_VARIABLE = YES;
				MTL_ENABLE_DEBUG_INFO = NO;
				MTL_FAST_MATH = YES;
				SWIFT_COMPILATION_MODE = wholemodule;
				SWIFT_OPTIMIZATION_LEVEL = "-O";
			};
			name = Release;
		};
		1CA067FE25BFFBF3003726D9 /* Debug */ = {
			isa = XCBuildConfiguration;
			buildSettings = {
				ASSETCATALOG_COMPILER_APPICON_NAME = AppIcon;
				ASSETCATALOG_COMPILER_GLOBAL_ACCENT_COLOR_NAME = AccentColor;
				CODE_SIGN_STYLE = Automatic;
				DEVELOPMENT_TEAM = GX5W4FWX46;
				ENABLE_PREVIEWS = YES;
				INFOPLIST_FILE = iOS/Info.plist;
				IPHONEOS_DEPLOYMENT_TARGET = 14.0;
				LD_RUNPATH_SEARCH_PATHS = (
					"$(inherited)",
					"@executable_path/Frameworks",
				);
				PRODUCT_BUNDLE_IDENTIFIER = RandValue.myBooks;
				PRODUCT_NAME = myBooks;
				SDKROOT = iphoneos;
				SWIFT_VERSION = 5.0;
				TARGETED_DEVICE_FAMILY = "1,2";
			};
			name = Debug;
		};
		1CA067FF25BFFBF3003726D9 /* Release */ = {
			isa = XCBuildConfiguration;
			buildSettings = {
				ASSETCATALOG_COMPILER_APPICON_NAME = AppIcon;
				ASSETCATALOG_COMPILER_GLOBAL_ACCENT_COLOR_NAME = AccentColor;
				CODE_SIGN_STYLE = Automatic;
				DEVELOPMENT_TEAM = GX5W4FWX46;
				ENABLE_PREVIEWS = YES;
				INFOPLIST_FILE = iOS/Info.plist;
				IPHONEOS_DEPLOYMENT_TARGET = 14.0;
				LD_RUNPATH_SEARCH_PATHS = (
					"$(inherited)",
					"@executable_path/Frameworks",
				);
				PRODUCT_BUNDLE_IDENTIFIER = RandValue.myBooks;
				PRODUCT_NAME = myBooks;
				SDKROOT = iphoneos;
				SWIFT_VERSION = 5.0;
				TARGETED_DEVICE_FAMILY = "1,2";
				VALIDATE_PRODUCT = YES;
			};
			name = Release;
		};
		1CA0680125BFFBF3003726D9 /* Debug */ = {
			isa = XCBuildConfiguration;
			buildSettings = {
				ASSETCATALOG_COMPILER_APPICON_NAME = AppIcon;
				ASSETCATALOG_COMPILER_GLOBAL_ACCENT_COLOR_NAME = AccentColor;
				CODE_SIGN_ENTITLEMENTS = macOS/macOS.entitlements;
				CODE_SIGN_STYLE = Automatic;
				COMBINE_HIDPI_IMAGES = YES;
				DEVELOPMENT_TEAM = GX5W4FWX46;
				ENABLE_HARDENED_RUNTIME = YES;
				ENABLE_PREVIEWS = YES;
				INFOPLIST_FILE = macOS/Info.plist;
				LD_RUNPATH_SEARCH_PATHS = (
					"$(inherited)",
					"@executable_path/../Frameworks",
				);
				MACOSX_DEPLOYMENT_TARGET = 11.0;
				PRODUCT_BUNDLE_IDENTIFIER = RandValue.myBooks;
				PRODUCT_NAME = myBooks;
				SDKROOT = macosx;
				SWIFT_VERSION = 5.0;
			};
			name = Debug;
		};
		1CA0680225BFFBF3003726D9 /* Release */ = {
			isa = XCBuildConfiguration;
			buildSettings = {
				ASSETCATALOG_COMPILER_APPICON_NAME = AppIcon;
				ASSETCATALOG_COMPILER_GLOBAL_ACCENT_COLOR_NAME = AccentColor;
				CODE_SIGN_ENTITLEMENTS = macOS/macOS.entitlements;
				CODE_SIGN_STYLE = Automatic;
				COMBINE_HIDPI_IMAGES = YES;
				DEVELOPMENT_TEAM = GX5W4FWX46;
				ENABLE_HARDENED_RUNTIME = YES;
				ENABLE_PREVIEWS = YES;
				INFOPLIST_FILE = macOS/Info.plist;
				LD_RUNPATH_SEARCH_PATHS = (
					"$(inherited)",
					"@executable_path/../Frameworks",
				);
				MACOSX_DEPLOYMENT_TARGET = 11.0;
				PRODUCT_BUNDLE_IDENTIFIER = RandValue.myBooks;
				PRODUCT_NAME = myBooks;
				SDKROOT = macosx;
				SWIFT_VERSION = 5.0;
			};
			name = Release;
		};
/* End XCBuildConfiguration section */

/* Begin XCConfigurationList section */
		1CA067E025BFFBF0003726D9 /* Build configuration list for PBXProject "myBooks" */ = {
			isa = XCConfigurationList;
			buildConfigurations = (
				1CA067FB25BFFBF3003726D9 /* Debug */,
				1CA067FC25BFFBF3003726D9 /* Release */,
			);
			defaultConfigurationIsVisible = 0;
			defaultConfigurationName = Release;
		};
		1CA067FD25BFFBF3003726D9 /* Build configuration list for PBXNativeTarget "myBooks (iOS)" */ = {
			isa = XCConfigurationList;
			buildConfigurations = (
				1CA067FE25BFFBF3003726D9 /* Debug */,
				1CA067FF25BFFBF3003726D9 /* Release */,
			);
			defaultConfigurationIsVisible = 0;
			defaultConfigurationName = Release;
		};
		1CA0680025BFFBF3003726D9 /* Build configuration list for PBXNativeTarget "myBooks (macOS)" */ = {
			isa = XCConfigurationList;
			buildConfigurations = (
				1CA0680125BFFBF3003726D9 /* Debug */,
				1CA0680225BFFBF3003726D9 /* Release */,
			);
			defaultConfigurationIsVisible = 0;
			defaultConfigurationName = Release;
		};
/* End XCConfigurationList section */
	};
	rootObject = 1CA067DD25BFFBF0003726D9 /* Project object */;
}
